{
    "_meta": {
        "hash": {
            "sha256": "8c9d92fa4e9aeb9bcb5a742adeea8a51e2e28f47f1e68d7e16be8086a9c68cdb"
        },
        "pipfile-spec": 6,
        "requires": {},
        "sources": [
            {
                "name": "pypi",
                "url": "https://pypi.org/simple",
                "verify_ssl": true
            }
        ]
    },
    "default": {
        "boto3": {
            "hashes": [
                "sha256:536d023d9f72dcec04254f71b216b78c6ee644be56ac61e780a6c73c1ddea445",
                "sha256:ee878fa5cd739f38e68fbad535ff9bc3bf7c409290943a62f5e8bddad486aad4"
            ],
            "index": "pypi",
            "markers": "python_version >= '3.10'",
            "version": "==1.43.20"
        },
        "botocore": {
            "hashes": [
                "sha256:1ee28afba70210f726c24f4bed1bf238a33542937fa2cf1b8cf2107287b85e04",
                "sha256:84fec90a8f25d11bb98176a3fa31c8b8e031b5be37d56f9a1a16f825b483ad4b"
            ],
            "markers": "python_version >= '3.10'",
            "version": "==1.43.20"
        },
        "jmespath": {
            "hashes": [
                "sha256:472c87d80f36026ae83c6ddd0f1d05d4e510134ed462851fd5f754c8c3cbb88d",
                "sha256:a5663118de4908c91729bea0acadca56526eb2698e83de10cd116ae0f4e97c64"
            ],
            "markers": "python_version >= '3.9'",
            "version": "==1.1.0"
        },
        "python-dateutil": {
            "hashes": [
                "sha256:37dd54208da7e1cd875388217d5e00ebd4179249f90fb72437e91a35459a0ad3",
                "sha256:a8b2bc7bffae282281c8140a97d3aa9c14da0b136dfe83f850eea9a5f7470427"
            ],
            "markers": "python_version >= '2.7' and python_version not in '3.0, 3.1, 3.2'",
            "version": "==2.9.0.post0"
        },
        "s3transfer": {
            "hashes": [
                "sha256:239c13b09e65ad0346e1be7348b8a202dcad44ac7ea7c6eb858fc881dce739b6",
                "sha256:3760b8b7ec1315da54048b2d626276732bee4300d054d492d4e1d43e20d4ecbd"
            ],
            "markers": "python_version >= '3.10'",
            "version": "==0.18.0"
        },
        "six": {
            "hashes": [
                "sha256:4721f391ed90541fddacab5acf947aa0d3dc7d27b2e1e8eda2be8970586c3274",
                "sha256:ff70335d468e7eb6ec65b95b99d3a2836546063f63acc5171de367e834932a81"
            ],
            "markers": "python_version >= '2.7' and python_version not in '3.0, 3.1, 3.2'",
            "version": "==1.17.0"
        },
        "urllib3": {
            "hashes": [
                "sha256:231e0ec3b63ceb14667c67be60f2f2c40a518cb38b03af60abc813da26505f4c",
                "sha256:9fb4c81ebbb1ce9531cce37674bbc6f1360472bc18ca9a553ede278ef7276897"
            ],
            "markers": "python_version >= '3.10'",
            "version": "==2.7.0"
        }
    },
    "develop": {
        "asttokens": {
            "hashes": [
                "sha256:15a3ebc0f43c2d0a50eeafea25e19046c68398e487b9f1f5b517f7c0f40f976a",
                "sha256:71a4ee5de0bde6a31d64f6b13f2293ac190344478f081c3d1bccfcf5eacb0cb7"
            ],
            "markers": "python_version >= '3.8'",
            "version": "==3.0.1"
        },
        "coverage": {
            "extras": [
                "toml"
            ],
            "hashes": [
                "sha256:0177614a0370f227888b4e436a7c55686d6a9f90eb1ade2b624ba685a1686e86",
                "sha256:01b7733daad0237daa01ef80fe2dfceffc911e6a17fa7b55d14aa8214eaaaecd",
                "sha256:03a6f93c1ec3b7f2e77b5dbcc5573a2c21f12529a5c6bbe0f16f72303cc2fa4d",
                "sha256:042c46ded7c288aeb07cf14a28b6c1e10b78fcba40171c3fa1e939377eeef0b5",
                "sha256:06144cd511cf2624873a035c5069cf297144f6e77a73ee3d7a55b605ec5efb42",
                "sha256:07c6290b1697b862c0478eab545eec949a0d0e4d6d03497f446d706da3b4f2de",
                "sha256:10274a1fbeb8ec5d72966e17bb198a3104257aca4ac09d98667c5f8aca8c8548",
                "sha256:1101a5ebb083aecb625ebb6209d4105b58f647b093cb2dc8122d7b33f743cfe1",
                "sha256:114c95ef29302423b87d159075805f4ab973254a2638a5d7d046c94887cc87d7",
                "sha256:1238cb94638e610e972c60dac68e813f868dc7d6e982535270558443058d9d59",
                "sha256:12c42ec1e14f553c4f817e989365982e646e27211f10a0f717855b94a79c8906",
                "sha256:145986fe66647eb489f18d9a997567a3fd358584c4b5a808769113abc07466af",
                "sha256:17a5a241e5997621a956a7f402a7433ef4221e5152809b785bec79e2323799f1",
                "sha256:1896f5e19ff3f0431c7ce2172adc54890fd97f86b59ced8ca1649145d9ffe35d",
                "sha256:196a13319ad88d6d8ef5ab489ec4f44ddde2143c0c7d5b27786f6c3ffd56a7e1",
                "sha256:221c70f316241a78e77e607c227cefc8808d4e08f28d99c04f35694690e940be",
                "sha256:2222be86d0b54f5dd5a38f45f17f315f737245e857bf0bdedc70734f84a13c02",
                "sha256:2224f89ffd0c5605ccce1ed7a584da162bc7c55f601ab1c946bc9de31a486b42",
                "sha256:23bf7fa51ac02e07fc7c96849b82946da47ae862dc8f86d183b2a4864fc38129",
                "sha256:2d69af5dea2de76fc485a83032a630523f985198b7e25be901ec60181587b01e",
                "sha256:30c08f7d90415aa98b3c990385dea2939b0da55f38515e5b369b83655f8523be",
                "sha256:357d4e32935c36588aaba057d734fa32428c360c9fc2e4442afbf1b646beee6e",
                "sha256:35ab22d91de736e8966b980dc355cbcdd2c6dbbcfe275f9a2991bc8a91b3df65",
                "sha256:370c5afae3fa0658e11694a32b24c2778f6bc2d17718121f94ee185e69f26b54",
                "sha256:3758dd0a7f1fa57365ef2e781df0f0731d38b6e3772259d13dae4bd8a958d4b1",
                "sha256:39b21e212c55af06fa375e3dbf90a8a8e38792f3a910c580066d23563830ddd5",
                "sha256:3a56abc20a472baf0304c455721bc601477440d28ecfde8a03dde79ede07e0df",
                "sha256:3c18ebc343e15be53049b3a2dce38fe82d58f37e20ab9094b3a39c0aa4f6bb47",
                "sha256:3d452fd08b5c72c5167c93e6867b5c08500bd40f2a21e1e854a500550b6cc36f",
                "sha256:3e3680291c4a1d0dadfa84a2c459576a4af5133abb617905714339a0c73138cf",
                "sha256:442cc9c952b2df400cda54bb04ab87330cf2cd08a8692cbbea36773531eb6f37",
                "sha256:46f714d2fb8ae2f4f29f23ada7f1e79b759fff5a70f94a1dac23af204c3ec9e4",
                "sha256:478b5bcd63c2e1357c5c7e16c070690df7b07f676b1c114d7b93e533c664309f",
                "sha256:48b283b1dd6372e8de2a7a9a4c4d5dc06f4d4fd209b876f3c88a7a205a0c8f84",
                "sha256:4a28fd227808366b196a75476dced2eb35b351d6766ba9c858dc93319e87f4f1",
                "sha256:4ea1c034f95c9b056e856b794630b17f9fa3d57e4800ff1e503d3be0f9c9078c",
                "sha256:51bd64741cc6fa065abd300ede1afe5a5291ece9c31da8b24884deda48bcc3f8",
                "sha256:54acdb6674a4661768d7bf7db32dfb9f46ab1d764f8aba6df75ce1a6a088724e",
                "sha256:59baf88468dbc8d63b1887afd92bda52e40bb1561696e5819670601403810cec",
                "sha256:5a1c5215be81035e629d5bc756650634d0bf31991038db7a0eccb90f025ce16d",
                "sha256:5b0c99ba93a07d56f6df340bb79be53202a082b2fdb81bfe6190b741a3470d54",
                "sha256:5ea0c297e27133853b4d8a3eb799bff5a2dbd9f2f41537a240d337ac9b4df890",
                "sha256:5f0cfc27c539f07cf5c0a4cfe211d0b6cae039f8f40526dbaa71944e64b50a7b",
                "sha256:6223a72fd0e4c7156353ec0f08a5f93623e1d3034d0e2683b9bb8ea674131b1d",
                "sha256:62a9f70b52e0b5a95cfef4a5c5641b06983cadc5e538a3feeb5c00211f523ac2",
                "sha256:62fd185ef9df3c33d1c8178c5af105f762afbad96038de9a4ae100aa6297ca33",
                "sha256:6a3cb83d1552c0cd1b4906655b6a33fd4a8473229633a901c6b73bf86914dee9",
                "sha256:6adc5a36984624a70bf11d7184e20fa0a49aa7c47ffab43804106a1a695ea22e",
                "sha256:6b6b0853b895fe0e98cbfc580d1ec3393d9302b4b1e96a77b3f5c91fdab899e6",
                "sha256:6ff665fb023a77386fe11685190cee1f60a7d635994a30d9b0a061533d470fce",
                "sha256:7279d2110a28cebc738b6459ecda2771735a4c18465fbbd36b3288fe5ed92247",
                "sha256:76a085d7005236a767e3426148b2c407e53ad61695c562f8a81da2d373324901",
                "sha256:7771b601718fdde84832c3a434ca9bbf4ae9adbc49d84198b4110700c3c77c36",
                "sha256:79058c47dae6788504b5effb319961bcd72d7240551464b91d474bc0ed186d69",
                "sha256:7af486dabe8954d03b087f0021540897afe084f04e16ff5579e08cc46f871416",
                "sha256:7f02d09f70776579b926d889a4c9c235070a1f47c40458aeaca563fae5acfdb5",
                "sha256:8011224a62280e50dab346960c03cf47aca1a1e09e608c0fb33fd6e0cc8e9500",
                "sha256:8270544c361ed405a27a060dbc9ed2c124b084d96dfdc2d9a2510482aef981ad",
                "sha256:84ac9499e48700399a5dd0ea7085b5091961fec52c68d66b4ec0d3cf7f4441b1",
                "sha256:84b535f00655ecafe1d929d1fb00ed5d6fa3051ea643ab2c161a3887b86f294b",
                "sha256:851b9e1e4e8a4608e77c79714b2e77c0970d2ed7202a05e92ae407817481887b",
                "sha256:85e85586565842f6932abebd4c18bcb1074223dc0b3576e7d173ca710622813a",
                "sha256:87ebdf787d4888e3f3f2d523eadc6e18c6d18c6d0eb173801a189641627fb37e",
                "sha256:8a3ce026d73290f42f08dafecbd82c193a74df280461fbf97300fec51fd133ee",
                "sha256:9132cd363a68a4c3daa7c8704a654b1e39d3360f6f5b8ddd470608a945236c07",
                "sha256:99cd41ff91afd94896fea3bc002706b6ae4ce95727d06e4a0f39c0a8d8bd8b1a",
                "sha256:9eeb3fcbc13ba40dfbdb22d01d196a28e9cef9ed4c29b60061a1e0e823a9929d",
                "sha256:a06c76364a9360e33d6d23769aefdf7f66f38e2ffb60ceb1baaa4989d83b695c",
                "sha256:a07891c3f4805442b31b71e84ba3cf29ed1aa9a428284e06deeb4b23e5b46343",
                "sha256:a24a81f9715ee42ef59a316cc11611c98fe23920f7c81861315c9f3ff4a230f4",
                "sha256:a252f21c27e38347e60111a3266b03827422a7d5525951aceee313aa68bab1d2",
                "sha256:a311d8e1da24be5c1ccf85cbfb06315dbaa1703d5a1eab3f6432c72b837917c8",
                "sha256:a5274669f37f2343635a347b91a60777621341ab3378e9c6ac9335eee704bddf",
                "sha256:aa5e304a873fabddc11e484e9b6b738bd38bd7bed17b09aa84eecf5332e8b8bb",
                "sha256:ab4af6352741a604c431c6072fce5bee33bf0f20dc7a56618d6bf6bb89e9810c",
                "sha256:b553d04b5e778a8e56d57eb134aff42a92718ecba45e79c4764ecfa40efd92ff",
                "sha256:b84800013769a78ccb9ef4659402e26d06867e337b61ec365f77ad008adea80e",
                "sha256:b84ffdf877644e7096aa936991efeed873f7f3df57b9cd001312b7668ab08550",
                "sha256:bcaa50684dcaadfa599ac48f81103c756d791cfd85c97203d2217c593d48b860",
                "sha256:be9f2c802dcfce3f71298303aa5dad0dce440a76c52f2f60dacd8656dab78793",
                "sha256:c643734307300234fafa36bf2a040a7235f8f177ea1fd6ec1423aea6fb7b929f",
                "sha256:c79cead5b5bc584d9c71451cb984d0e3a84e0c0937379c8efcbf27c8d661b851",
                "sha256:c7e057326434e441306226fbeb5d1aaf14a2637efe97ba668306635835f32ad7",
                "sha256:c912c259304cfb5ee584481cfb7ce1ff932b4d61e6c9140b8f19cb7b5ed82332",
                "sha256:ce66d8e46da2bb5ee313a745cbd2e391d319176c1f7a9451bfcd3a2fb920859b",
                "sha256:ced2f09ef276fd58611a1ef502164ad266d2b75174e5a40cabbdb4033f9f6cf2",
                "sha256:cfe5a5fec635799ef33428f1e5e61bafa45a92a96190ba731561ba558ccc214d",
                "sha256:d13e6725992e2d2fd7d81d4f5241952d13740121dfd501da09201be39b2c003a",
                "sha256:d34d75f892b3ab73ba11cab5442cce7b3e168fd64162b16f0e1e0d09c508edef",
                "sha256:d5b89cdfb2ee051b71e8c3c70bd81a9eff81100f736a269136fe1a68efe00474",
                "sha256:d5ed429d0b8edaac649e889b4ffcedb6c80b06629a3f93050e3dddfb99235bee",
                "sha256:da028256b04ec30e5e0114b6f76172938c313991f0a2d3d894271315cf5d5e43",
                "sha256:dcbf65f1f66a26cdd88c35cf68fb4729c5d1cd2e88added72420541dfb212034",
                "sha256:dd34767fa19848d35659ffc0a75314f58c7af3f1cd87ec521e8292a1238398a3",
                "sha256:ddf799247318f34dbcd2efa8c95a8d0642674e926bb1774cf9b63dfd2a389d1c",
                "sha256:de286598cc65d2b489411174b1faec2f5a7775fb3201fd925db2a76b4030f37d",
                "sha256:e471bc5769ff073b058cfadb0d736b56ce067c8560eabeb0da88462df98c23e7",
                "sha256:e854312c4103f2ad4c0dc023b69b77ebfd2c89db5f86c4c94dc2353f9a92167e",
                "sha256:ea8cd6ca0ee9f616aaef3afc6882e32c2cbf18b00d96313ffd76af650574034d",
                "sha256:f2302660e32562a532b442480121aef8aa61a5bdb20b30bf0adab29f10a5a4b4",
                "sha256:f497a1ea81d4cd7c10ddcaa685135b9aabd291af3d55775a9ddf3cb7a364cdd9",
                "sha256:f4ddbe407477f04c45115d1a4e5bc480f753553b534d338d4c3358b1cdd0ea52",
                "sha256:f747dc8edcfe740130f28f32f3995e955494285717e86ee25af51db2219df08a",
                "sha256:fad54e871165f6ec2f536063ac74c3104508a12963e64072ba44bd822de52b0c",
                "sha256:fc459e5d73be2d6332fcfe8dbf3d8994671fe33c700f4565988ecfa511547253",
                "sha256:fd86572566fb40189a8260446158235159bc7a82dfbc87a3b39cf4fb57fcec1c"
            ],
            "markers": "python_version >= '3.10'",
            "version": "==7.14.1"
        },
        "decorator": {
            "hashes": [
                "sha256:4cbcdd55a6efadb9dbea26b858f4fb3264567b52d69ca0d25b721b553f60ea82",
                "sha256:f47fe6fdbd2edd623ecfe36875d37aba411624e2670dd395dddae1358689bb3c"
            ],
            "markers": "python_version >= '3.8'",
            "version": "==5.3.1"
        },
        "executing": {
            "hashes": [
                "sha256:3632cc370565f6648cc328b32435bd120a1e4ebb20c77e3fdde9a13cd1e533c4",
                "sha256:760643d3452b4d777d295bb167ccc74c64a81df23fb5e08eff250c425a4b2017"
            ],
            "markers": "python_version >= '3.8'",
            "version": "==2.2.1"
        },
        "iniconfig": {
            "hashes": [
                "sha256:c76315c77db068650d49c5b56314774a7804df16fee4402c1f19d6d15d8c4730",
                "sha256:f631c04d2c48c52b84d0d0549c99ff3859c98df65b3101406327ecc7d53fbf12"
            ],
            "markers": "python_version >= '3.10'",
            "version": "==2.3.0"
        },
        "ipdb": {
            "hashes": [
                "sha256:45529994741c4ab6d2388bfa5d7b725c2cf7fe9deffabdb8a6113aa5ed449ed4",
                "sha256:e3ac6018ef05126d442af680aad863006ec19d02290561ac88b8b1c0b0cfc726"
            ],
            "index": "pypi",
            "markers": "python_version >= '2.7' and python_version not in '3.0, 3.1, 3.2, 3.3'",
            "version": "==0.13.13"
        },
        "ipython": {
            "hashes": [
                "sha256:6f27ff0f1d9ea050e0551f71568bc4b34d8aba579e8f111c5b4175f44ac6b4aa",
                "sha256:8fd984a3372c14b12790b084ba6b5cff5678c0cb063244a0034f06a51f20d6c2"
            ],
            "index": "pypi",
            "markers": "python_version >= '3.11'",
            "version": "==9.14.0"
        },
        "ipython-pygments-lexers": {
            "hashes": [
                "sha256:09c0138009e56b6854f9535736f4171d855c8c08a563a0dcd8022f78355c7e81",
                "sha256:a9462224a505ade19a605f71f8fa63c2048833ce50abc86768a0d81d876dc81c"
            ],
            "markers": "python_version >= '3.8'",
            "version": "==1.1.1"
        },
        "jedi": {
            "hashes": [
                "sha256:7bdd9c2634f56713299976f4cbd59cb3fa92165cc5e05ea811fb253480728b67",
                "sha256:c3f4ccbd276696f4b19c54618d4fb18f9fc24b0aef02acf704b23f487daa1011"
            ],
            "markers": "python_version >= '3.10'",
            "version": "==0.20.0"
        },
        "lambda-gateway": {
            "hashes": [
                "sha256:92ce7bae31c79e1c77ec967e78c37d8ab775ad932b0e612d212bec9abb4ca8c0",
                "sha256:b555e3ab4ef1fdc1abab084686a203e88b9dd75bc008881ef1278123377095e1"
            ],
            "index": "pypi",
            "markers": "python_version >= '3.8'",
            "version": "==1.1.0"
        },
        "matplotlib-inline": {
            "hashes": [
                "sha256:3c821cf1c209f59fb2d2d64abbf5b23b67bcb2210d663f9918dd851c6da1fcf6",
                "sha256:72f3fe8fce36b70d4a5b612f899090cd0401deddc4ea90e1572b9f4bfb058c79"
            ],
            "markers": "python_version >= '3.9'",
            "version": "==0.2.2"
        },
        "packaging": {
            "hashes": [
                "sha256:5fc45236b9446107ff2415ce77c807cee2862cb6fac22b8a73826d0693b0980e",
                "sha256:ff452ff5a3e828ce110190feff1178bb1f2ea2281fa2075aadb987c2fb221661"
            ],
            "markers": "python_version >= '3.8'",
            "version": "==26.2"
        },
        "parso": {
            "hashes": [
                "sha256:a8926eb2a1b915486941fdbd31e86a4baf88fe8c210f25f2f35ecec5b574ca1c",
                "sha256:eaaac4c9fdd5e9e8852dc778d2d7405897ec510f2a298071453e5e3a07914bb1"
            ],
            "markers": "python_version >= '3.6'",
            "version": "==0.8.7"
        },
        "pexpect": {
            "hashes": [
                "sha256:7236d1e080e4936be2dc3e326cec0af72acf9212a7e1d060210e70a47e253523",
                "sha256:ee7d41123f3c9911050ea2c2dac107568dc43b2d3b0c7557a33212c398ead30f"
            ],
            "markers": "sys_platform != 'win32' and sys_platform != 'emscripten'",
            "version": "==4.9.0"
        },
        "pluggy": {
            "hashes": [
                "sha256:7dcc130b76258d33b90f61b658791dede3486c3e6bfb003ee5c9bfb396dd22f3",
                "sha256:e920276dd6813095e9377c0bc5566d94c932c33b27a3e3945d8389c374dd4746"
            ],
            "markers": "python_version >= '3.9'",
            "version": "==1.6.0"
        },
        "prompt-toolkit": {
            "hashes": [
                "sha256:28cde192929c8e7321de85de1ddbe736f1375148b02f2e17edd840042b1be855",
                "sha256:9aac639a3bbd33284347de5ad8d68ecc044b91a762dc39b7c21095fcd6a19955"
            ],
            "markers": "python_version >= '3.8'",
            "version": "==3.0.52"
        },
        "psutil": {
            "hashes": [
                "sha256:0746f5f8d406af344fd547f1c8daa5f5c33dbc293bb8d6a16d80b4bb88f59372",
                "sha256:076a2d2f923fd4821644f5ba89f059523da90dc9014e85f8e45a5774ca5bc6f9",
                "sha256:11fe5a4f613759764e79c65cf11ebdf26e33d6dd34336f8a337aa2996d71c841",
                "sha256:1a571f2330c966c62aeda00dd24620425d4b0cc86881c89861fbc04549e5dc63",
                "sha256:1a7b04c10f32cc88ab39cbf606e117fd74721c831c98a27dc04578deb0c16979",
                "sha256:1fa4ecf83bcdf6e6c8f4449aff98eefb5d0604bf88cb883d7da3d8d2d909546a",
                "sha256:2edccc433cbfa046b980b0df0171cd25bcaeb3a68fe9022db0979e7aa74a826b",
                "sha256:7b6d09433a10592ce39b13d7be5a54fbac1d1228ed29abc880fb23df7cb694c9",
                "sha256:8c233660f575a5a89e6d4cb65d9f938126312bca76d8fe087b947b3a1aaac9ee",
                "sha256:917e891983ca3c1887b4ef36447b1e0873e70c933afc831c6b6da078ba474312",
                "sha256:ab486563df44c17f5173621c7b198955bd6b613fb87c71c161f827d3fb149a9b",
                "sha256:ae0aefdd8796a7737eccea863f80f81e468a1e4cf14d926bd9b6f5f2d5f90ca9",
                "sha256:b0726cecd84f9474419d67252add4ac0cd9811b04d61123054b9fb6f57df6e9e",
                "sha256:b58fabe35e80b264a4e3bb23e6b96f9e45a3df7fb7eed419ac0e5947c61e47cc",
                "sha256:c7663d4e37f13e884d13994247449e9f8f574bc4655d509c3b95e9ec9e2b9dc1",
                "sha256:e452c464a02e7dc7822a05d25db4cde564444a67e58539a00f929c51eddda0cf",
                "sha256:e78c8603dcd9a04c7364f1a3e670cea95d51ee865e4efb3556a3a63adef958ea",
                "sha256:eb7e81434c8d223ec4a219b5fc1c47d0417b12be7ea866e24fb5ad6e84b3d988",
                "sha256:ed0cace939114f62738d808fdcecd4c869222507e266e574799e9c0faa17d486",
                "sha256:eed63d3b4d62449571547b60578c5b2c4bcccc5387148db46e0c2313dad0ee00",
                "sha256:fd04ef36b4a6d599bbdb225dd1d3f51e00105f6d48a28f006da7f9822f2606d8"
            ],
            "markers": "python_version >= '3.6'",
            "version": "==7.2.2"
        },
        "ptyprocess": {
            "hashes": [
                "sha256:4b41f3967fce3af57cc7e94b888626c18bf37a083e3651ca8feeb66d492fef35",
                "sha256:5c5d0a3b48ceee0b48485e0c26037c0acd7d29765ca3fbb5cb3831d347423220"
            ],
            "version": "==0.7.0"
        },
        "pure-eval": {
            "hashes": [
                "sha256:1db8e35b67b3d218d818ae653e27f06c3aa420901fa7b081ca98cbedc874e0d0",
                "sha256:5f4e983f40564c576c7c8635ae88db5956bb2229d7e9237d03b3c0b0190eaf42"
            ],
            "version": "==0.2.3"
        },
        "pygments": {
            "hashes": [
                "sha256:6757cd03768053ff99f3039c1a36d6c0aa0b263438fcab17520b30a303a82b5f",
                "sha256:81a9e26dd42fd28a23a2d169d86d7ac03b46e2f8b59ed4698fb4785f946d0176"
            ],
            "markers": "python_version >= '3.9'",
            "version": "==2.20.0"
        },
        "pytest": {
            "hashes": [
                "sha256:2c5efc453d45394fdd706ade797c0a81091eccd1d6e4bccfcd476e2b8e0ab5d9",
                "sha256:b86ada508af81d19edeb213c681b1d48246c1a91d304c6c81a427674c17eb91c"
            ],
            "index": "pypi",
            "markers": "python_version >= '3.10'",
            "version": "==9.0.3"
        },
        "pytest-cov": {
            "hashes": [
                "sha256:30674f2b5f6351aa09702a9c8c364f6a01c27aae0c1366ae8016160d1efc56b2",
                "sha256:a0461110b7865f9a271aa1b51e516c9a95de9d696734a2f71e3e78f46e1d4678"
            ],
            "index": "pypi",
            "markers": "python_version >= '3.9'",
            "version": "==7.1.0"
        },
        "ruff": {
            "hashes": [
                "sha256:2728b93d7b23a603ea2c0ac6eb73d760bd38ec9de35f35fb41e18f7a3fee7622",
                "sha256:29428ea79694afbe756d45fd59b36f22b6b020dc0443cf7de0173046236964b9",
                "sha256:3c8ceca6792f38196b8f589bc92eccd03eef286602da92e5dc05cc42ef6441b7",
                "sha256:3cdb1679e06a1f6b47bc384714ae96f6e2fb65ca441eb78c43d2ca554176ce1f",
                "sha256:48decfa11d740de4889de623be1463308346312f2409a56e24aa280c86162dc4",
                "sha256:587a6278ed42059191c1a466e490bd7930fb50bd2e255398bc29616c895a61cb",
                "sha256:7614ee79c69788cf6cedd568069ade9cecc22a1ad20494efe8d0c9ebb4b622d4",
                "sha256:77d955a431430c66f72dd94e379ad38a16daea3d25094872ac4edf9e797be530",
                "sha256:7aa77465b8ecaf1a27bea098d696f7fed5e1eccbd10b321b682d6de586ae5627",
                "sha256:8df0323902e15e24bc4bf246da830573d3cf3352bd0b9a164eab335d111ff4a4",
                "sha256:a5015088452ca0081387063649ec67f06d3d1d6b8b936a1f836b5e9657ecd48c",
                "sha256:ac5a646d1f6a7dadd5d50842dae2c1f9862ac887ef5d1b1375e02def791fde6e",
                "sha256:b8dff018130b46d8e5bf0f926ef6b60cf871d6d5ae45fc9334e09632daa741d6",
                "sha256:be582fcc0db438902c7792b08d6ddf6c9b9e21addaa10092c2c741cfb09e5a45",
                "sha256:cf93e5388f412e1b108b1f8b34a6e036b70fe8aff89393befad96fe48670311b",
                "sha256:db5bd4d802415cca656dc1616070b725952d6ae95eb5d4831e49fbd94a38f75f",
                "sha256:df0c1c084f5f4be9812f61518a45c440d3c30d69ce4bf6c5270e66d38338f02a",
                "sha256:f5294aab6356c81600fcdea3a62bb1b924dfd5e91767c12318d3f68f86af57cd"
            ],
            "index": "pypi",
            "markers": "python_version >= '3.7'",
            "version": "==0.15.15"
        },
        "stack-data": {
            "hashes": [
                "sha256:836a778de4fec4dcd1dcd89ed8abff8a221f58308462e1c4aa2a3cf30148f0b9",
                "sha256:d5558e0c25a4cb0853cddad3d77da9891a08cb85dd9f9f91b9f8cd66e511e695"
            ],
            "version": "==0.6.3"
        },
        "traitlets": {
            "hashes": [
                "sha256:4fead733f81cf1c4c938e06f8ca4633896833c9d89eff878159457f4d4392971",
                "sha256:fb36a18867a6803deab09f3c5e0fa81bb7b26a5c9e82501c9933f759166eff40"
            ],
            "markers": "python_version >= '3.9'",
            "version": "==5.15.0"
        },
        "wcwidth": {
            "hashes": [
                "sha256:5d69154c429a82910e241c738cd0e2976fac8a2dd47a1a805f4afed1c0f136f2",
                "sha256:90e3a7ea092341c44b99562e75d09e4d5160fe7a3974c6fb842a101a95e7eed0"
            ],
            "markers": "python_version >= '3.8'",
            "version": "==0.7.0"
        }
    }
}
