{
    "_meta": {
        "hash": {
            "sha256": "8c9d92fa4e9aeb9bcb5a742adeea8a51e2e28f47f1e68d7e16be8086a9c68cdb"
        },
        "pipfile-spec": 6,
        "requires": {},
        "sources": [
            {
                "name": "pypi",
                "url": "https://pypi.org/simple",
                "verify_ssl": true
            }
        ]
    },
    "default": {
        "boto3": {
            "hashes": [
                "sha256:8c2537156f5ccd72bbbfe4fc27a8a80bf3e4f80523f306417f3fb6023d13edda",
                "sha256:8c78169ef47dc29863ebb11ba99134b1b418d3dfdd836419830f22552f8afe43"
            ],
            "index": "pypi",
            "markers": "python_version >= '3.9'",
            "version": "==1.42.42"
        },
        "botocore": {
            "hashes": [
                "sha256:1c9df5fc31e9073a9aa956271c4007d72f5d342cafca5f4154ea099bc6f83085",
                "sha256:cb75639f5ba7bf73b83ac18bcd87f07b7f484f302748da974dad2801a83a1d60"
            ],
            "markers": "python_version >= '3.9'",
            "version": "==1.42.42"
        },
        "jmespath": {
            "hashes": [
                "sha256:472c87d80f36026ae83c6ddd0f1d05d4e510134ed462851fd5f754c8c3cbb88d",
                "sha256:a5663118de4908c91729bea0acadca56526eb2698e83de10cd116ae0f4e97c64"
            ],
            "markers": "python_version >= '3.9'",
            "version": "==1.1.0"
        },
        "python-dateutil": {
            "hashes": [
                "sha256:37dd54208da7e1cd875388217d5e00ebd4179249f90fb72437e91a35459a0ad3",
                "sha256:a8b2bc7bffae282281c8140a97d3aa9c14da0b136dfe83f850eea9a5f7470427"
            ],
            "markers": "python_version >= '2.7' and python_version not in '3.0, 3.1, 3.2'",
            "version": "==2.9.0.post0"
        },
        "s3transfer": {
            "hashes": [
                "sha256:18e25d66fed509e3868dc1572b3f427ff947dd2c56f844a5bf09481ad3f3b2fe",
                "sha256:8e990f13268025792229cd52fa10cb7163744bf56e719e0b9cb925ab79abf920"
            ],
            "markers": "python_version >= '3.9'",
            "version": "==0.16.0"
        },
        "six": {
            "hashes": [
                "sha256:4721f391ed90541fddacab5acf947aa0d3dc7d27b2e1e8eda2be8970586c3274",
                "sha256:ff70335d468e7eb6ec65b95b99d3a2836546063f63acc5171de367e834932a81"
            ],
            "markers": "python_version >= '2.7' and python_version not in '3.0, 3.1, 3.2'",
            "version": "==1.17.0"
        },
        "urllib3": {
            "hashes": [
                "sha256:1b62b6884944a57dbe321509ab94fd4d3b307075e0c2eae991ac71ee15ad38ed",
                "sha256:bf272323e553dfb2e87d9bfd225ca7b0f467b919d7bbd355436d3fd37cb0acd4"
            ],
            "markers": "python_version >= '3.9'",
            "version": "==2.6.3"
        }
    },
    "develop": {
        "asttokens": {
            "hashes": [
                "sha256:15a3ebc0f43c2d0a50eeafea25e19046c68398e487b9f1f5b517f7c0f40f976a",
                "sha256:71a4ee5de0bde6a31d64f6b13f2293ac190344478f081c3d1bccfcf5eacb0cb7"
            ],
            "markers": "python_version >= '3.8'",
            "version": "==3.0.1"
        },
        "coverage": {
            "extras": [
                "toml"
            ],
            "hashes": [
                "sha256:00d34b29a59d2076e6f318b30a00a69bf63687e30cd882984ed444e753990cc1",
                "sha256:00dd3f02de6d5f5c9c3d95e3e036c3c2e2a669f8bf2d3ceb92505c4ce7838f67",
                "sha256:01119735c690786b6966a1e9f098da4cd7ca9174c4cfe076d04e653105488395",
                "sha256:03a6e5e1e50819d6d7436f5bc40c92ded7e484e400716886ac921e35c133149d",
                "sha256:05dd25b21afffe545e808265897c35f32d3e4437663923e0d256d9ab5031fb14",
                "sha256:06d316dbb3d9fd44cca05b2dbcfbef22948493d63a1f28e828d43e6cc505fed8",
                "sha256:06e49c5897cb12e3f7ecdc111d44e97c4f6d0557b81a7a0204ed70a8b038f86f",
                "sha256:0b4f345f7265cdbdb5ec2521ffff15fa49de6d6c39abf89fc7ad68aa9e3a55f0",
                "sha256:0c2be202a83dde768937a61cdc5d06bf9fb204048ca199d93479488e6247656c",
                "sha256:0f45e32ef383ce56e0ca099b2e02fcdf7950be4b1b56afaab27b4ad790befe5b",
                "sha256:123ceaf2b9d8c614f01110f908a341e05b1b305d6b2ada98763b9a5a59756051",
                "sha256:16d23d6579cf80a474ad160ca14d8b319abaa6db62759d6eef53b2fc979b58c8",
                "sha256:2213a8d88ed35459bda71597599d4eec7c2ebad201c88f0bfc2c26fd9b0dd2ea",
                "sha256:24db3959de8ee394eeeca89ccb8ba25305c2da9a668dd44173394cbd5aa0777f",
                "sha256:284e06eadfe15ddfee2f4ee56631f164ef897a7d7d5a15bca5f0bb88889fc5ba",
                "sha256:299d66e9218193f9dc6e4880629ed7c4cd23486005166247c283fb98531656c3",
                "sha256:2d098709621d0819039f3f1e471ee554f55a0b2ac0d816883c765b14129b5627",
                "sha256:2f5e731627a3d5ef11a2a35aa0c6f7c435867c7ccbc391268eb4f2ca5dbdcc10",
                "sha256:303d38b19626c1981e1bb067a9928236d88eb0e4479b18a74812f05a82071508",
                "sha256:318002f1fd819bdc1651c619268aa5bc853c35fa5cc6d1e8c96bd9cd6c828b75",
                "sha256:318b2e4753cbf611061e01b6cc81477e1cdfeb69c36c4a14e6595e674caadb56",
                "sha256:31b6e889c53d4e6687ca63706148049494aace140cffece1c4dc6acadb70a7b3",
                "sha256:343aaeb5f8bb7bcd38620fd7bc56e6ee8207847d8c6103a1e7b72322d381ba4a",
                "sha256:3d1aed4f4e837a832df2f3b4f68a690eede0de4560a2dbc214ea0bc55aabcdb4",
                "sha256:3f379b02c18a64de78c4ccdddf1c81c2c5ae1956c72dacb9133d7dd7809794ab",
                "sha256:44f14a62f5da2e9aedf9080e01d2cda61df39197d48e323538ec037336d68da8",
                "sha256:46d29926349b5c4f1ea4fca95e8c892835515f3600995a383fa9a923b5739ea4",
                "sha256:51c4c42c0e7d09a822b08b6cf79b3c4db8333fffde7450da946719ba0d45730f",
                "sha256:53be4aab8ddef18beb6188f3a3fdbf4d1af2277d098d4e618be3a8e6c88e74be",
                "sha256:562136b0d401992118d9b49fbee5454e16f95f85b120a4226a04d816e33fe024",
                "sha256:5907605ee20e126eeee2abe14aae137043c2c8af2fa9b38d2ab3b7a6b8137f73",
                "sha256:59224bfb2e9b37c1335ae35d00daa3a5b4e0b1a20f530be208fff1ecfa436f43",
                "sha256:5b1ad2e0dc672625c44bc4fe34514602a9fd8b10d52ddc414dc585f74453516c",
                "sha256:5badd7e596e6b0c89aa8ec6d37f4473e4357f982ce57f9a2942b0221cd9cf60c",
                "sha256:5d67b9ed6f7b5527b209b24b3df9f2e5bf0198c1bbf99c6971b0e2dcb7e2a107",
                "sha256:65436cde5ecabe26fb2f0bf598962f0a054d3f23ad529361326ac002c61a2a1e",
                "sha256:6ed2e787249b922a93cd95c671cc9f4c9797a106e81b455c83a9ddb9d34590c0",
                "sha256:71295f2d1d170b9977dc386d46a7a1b7cbb30e5405492529b4c930113a33f895",
                "sha256:75b3c0300f3fa15809bd62d9ca8b170eb21fcf0100eb4b4154d6dc8b3a5bbd43",
                "sha256:79f2670c7e772f4917895c3d89aad59e01f3dbe68a4ed2d0373b431fad1dcfba",
                "sha256:7a482f2da9086971efb12daca1d6547007ede3674ea06e16d7663414445c683e",
                "sha256:7bbb5aa9016c4c29e3432e087aa29ebee3f8fda089cfbfb4e6d64bd292dcd1c2",
                "sha256:7df8759ee57b9f3f7b66799b7660c282f4375bef620ade1686d6a7b03699e75f",
                "sha256:824bb95cd71604031ae9a48edb91fd6effde669522f960375668ed21b36e3ec4",
                "sha256:853c3d3c79ff0db65797aad79dee6be020efd218ac4510f15a205f1e8d13ce25",
                "sha256:87ff33b652b3556b05e204ae20793d1f872161b0fa5ec8a9ac76f8430e152ed6",
                "sha256:8bb09e83c603f152d855f666d70a71765ca8e67332e5829e62cb9466c176af23",
                "sha256:8f1010029a5b52dc427c8e2a8dbddb2303ddd180b806687d1acd1bb1d06649e7",
                "sha256:8f2adf4bcffbbec41f366f2e6dffb9d24e8172d16e91da5799c9b7ed6b5716e6",
                "sha256:90a8af9dba6429b2573199622d72e0ebf024d6276f16abce394ad4d181bb0910",
                "sha256:94d2ac94bd0cc57c5626f52f8c2fffed1444b5ae8c9fc68320306cc2b255e155",
                "sha256:96c3be8bae9d0333e403cc1a8eb078a7f928b5650bae94a18fb4820cc993fb9b",
                "sha256:989aa158c0eb19d83c76c26f4ba00dbb272485c56e452010a3450bdbc9daafd9",
                "sha256:99fee45adbb1caeb914da16f70e557fb7ff6ddc9e4b14de665bd41af631367ef",
                "sha256:9db3a3285d91c0b70fab9f39f0a4aa37d375873677efe4e71e58d8321e8c5d39",
                "sha256:9f9efbbaf79f935d5fbe3ad814825cbce4f6cdb3054384cb49f0c0f496125fa0",
                "sha256:a2f7589c6132c44c53f6e705e1a6677e2b7821378c22f7703b2cf5388d0d4587",
                "sha256:a88705500988c8acad8b8fd86c2a933d3aa96bec1ddc4bc5cb256360db7bbd00",
                "sha256:ab6d72bffac9deb6e6cb0f61042e748de3f9f8e98afb0375a8e64b0b6e11746b",
                "sha256:ae9306b5299e31e31e0d3b908c66bcb6e7e3ddca143dea0266e9ce6c667346d3",
                "sha256:b2182129f4c101272ff5f2f18038d7b698db1bf8e7aa9e615cb48440899ad32e",
                "sha256:b2beb64c145593a50d90db5c7178f55daeae129123b0d265bdb3cbec83e5194a",
                "sha256:b607a40cba795cfac6d130220d25962931ce101f2f478a29822b19755377fb34",
                "sha256:be14d0622125edef21b3a4d8cd2d138c4872bf6e38adc90fd92385e3312f406a",
                "sha256:bfeee64ad8b4aae3233abb77eb6b52b51b05fa89da9645518671b9939a78732b",
                "sha256:c5e9787cec750793a19a28df7edd85ac4e49d3fb91721afcdc3b86f6c08d9aa8",
                "sha256:c672d4e2f0575a4ca2bf2aa0c5ced5188220ab806c1bb6d7179f70a11a017222",
                "sha256:c6f6169bbdbdb85aab8ac0392d776948907267fcc91deeacf6f9d55f7a83ae3b",
                "sha256:ca46e5c3be3b195098dd88711890b8011a9fa4feca942292bb84714ce5eab5d3",
                "sha256:cc7fd0f726795420f3678ac82ff882c7fc33770bd0074463b5aef7293285ace9",
                "sha256:cd5dee4fd7659d8306ffa79eeaaafd91fa30a302dac3af723b9b469e549247e0",
                "sha256:d1a049b5c51b3b679928dd35e47c4a2235e0b6128b479a7596d0ef5b42fa6301",
                "sha256:d358dc408edc28730aed5477a69338e444e62fba0b7e9e4a131c505fadad691e",
                "sha256:d3a16d6398666510a6886f67f43d9537bfd0e13aca299688a19daa84f543122f",
                "sha256:d401f0864a1d3198422816878e4e84ca89ec1c1bf166ecc0ae01380a39b888cd",
                "sha256:d6f4a21328ea49d38565b55599e1c02834e76583a6953e5586d65cb1efebd8f8",
                "sha256:db83b77f97129813dbd463a67e5335adc6a6a91db652cc085d60c2d512746f96",
                "sha256:debf29e0b157769843dff0981cc76f79e0ed04e36bb773c6cac5f6029054bd8a",
                "sha256:dfb428e41377e6b9ba1b0a32df6db5409cb089a0ed1d0a672dc4953ec110d84f",
                "sha256:e129328ad1258e49cae0123a3b5fcb93d6c2fa90d540f0b4c7cdcdc019aaa3dc",
                "sha256:e5b86db331c682fd0e4be7098e6acee5e8a293f824d41487c667a93705d415ca",
                "sha256:ed48b4170caa2c4420e0cd27dc977caaffc7eecc317355751df8373dddcef595",
                "sha256:edc7754932682d52cf6e7a71806e529ecd5ce660e630e8bd1d37109a2e5f63ba",
                "sha256:f45c9bcb16bee25a798ccba8a2f6a1251b19de6a0d617bb365d7d2f386c4e20e",
                "sha256:f75695e157c83d374f88dcc646a60cb94173304a9258b2e74ba5a66b7614a51a",
                "sha256:f7f153d0184d45f3873b3ad3ad22694fd73aadcb8cdbc4337ab4b41ea6b4dff1",
                "sha256:f7f6182d3dfb8802c1747eacbfe611b669455b69b7c037484bb1efbbb56711ac",
                "sha256:f9bada7bc660d20b23d7d312ebe29e927b655cf414dadcdb6335a2075695bd86",
                "sha256:fae6a21537519c2af00245e834e5bf2884699cc7c1055738fd0f9dc37a3644ad",
                "sha256:fb25061a66802df9fc13a9ba1967d25faa4dae0418db469264fd9860a921dde4",
                "sha256:fc970575799a9d17d5c3fafd83a0f6ccf5d5117cdc9ad6fbd791e9ead82418b0",
                "sha256:fcda51c918c7a13ad93b5f89a58d56e3a072c9e0ba5c231b0ed81404bf2648fb"
            ],
            "markers": "python_version >= '3.10'",
            "version": "==7.13.3"
        },
        "decorator": {
            "hashes": [
                "sha256:65f266143752f734b0a7cc83c46f4618af75b8c5911b00ccb61d0ac9b6da0360",
                "sha256:d316bb415a2d9e2d2b3abcc4084c6502fc09240e292cd76a76afc106a1c8e04a"
            ],
            "markers": "python_version >= '3.8'",
            "version": "==5.2.1"
        },
        "executing": {
            "hashes": [
                "sha256:3632cc370565f6648cc328b32435bd120a1e4ebb20c77e3fdde9a13cd1e533c4",
                "sha256:760643d3452b4d777d295bb167ccc74c64a81df23fb5e08eff250c425a4b2017"
            ],
            "markers": "python_version >= '3.8'",
            "version": "==2.2.1"
        },
        "iniconfig": {
            "hashes": [
                "sha256:c76315c77db068650d49c5b56314774a7804df16fee4402c1f19d6d15d8c4730",
                "sha256:f631c04d2c48c52b84d0d0549c99ff3859c98df65b3101406327ecc7d53fbf12"
            ],
            "markers": "python_version >= '3.10'",
            "version": "==2.3.0"
        },
        "ipdb": {
            "hashes": [
                "sha256:45529994741c4ab6d2388bfa5d7b725c2cf7fe9deffabdb8a6113aa5ed449ed4",
                "sha256:e3ac6018ef05126d442af680aad863006ec19d02290561ac88b8b1c0b0cfc726"
            ],
            "index": "pypi",
            "markers": "python_version >= '2.7' and python_version not in '3.0, 3.1, 3.2, 3.3'",
            "version": "==0.13.13"
        },
        "ipython": {
            "hashes": [
                "sha256:c6ab68cc23bba8c7e18e9b932797014cc61ea7fd6f19de180ab9ba73e65ee58d",
                "sha256:cd9e656be97618a0676d058134cd44e6dc7012c0e5cb36a9ce96a8c904adaf77"
            ],
            "index": "pypi",
            "markers": "python_version >= '3.11'",
            "version": "==9.10.0"
        },
        "ipython-pygments-lexers": {
            "hashes": [
                "sha256:09c0138009e56b6854f9535736f4171d855c8c08a563a0dcd8022f78355c7e81",
                "sha256:a9462224a505ade19a605f71f8fa63c2048833ce50abc86768a0d81d876dc81c"
            ],
            "markers": "python_version >= '3.8'",
            "version": "==1.1.1"
        },
        "jedi": {
            "hashes": [
                "sha256:4770dc3de41bde3966b02eb84fbcf557fb33cce26ad23da12c742fb50ecb11f0",
                "sha256:a8ef22bde8490f57fe5c7681a3c83cb58874daf72b4784de3cce5b6ef6edb5b9"
            ],
            "markers": "python_version >= '3.6'",
            "version": "==0.19.2"
        },
        "lambda-gateway": {
            "hashes": [
                "sha256:92ce7bae31c79e1c77ec967e78c37d8ab775ad932b0e612d212bec9abb4ca8c0",
                "sha256:b555e3ab4ef1fdc1abab084686a203e88b9dd75bc008881ef1278123377095e1"
            ],
            "index": "pypi",
            "markers": "python_version >= '3.8'",
            "version": "==1.1.0"
        },
        "matplotlib-inline": {
            "hashes": [
                "sha256:d56ce5156ba6085e00a9d54fead6ed29a9c47e215cd1bba2e976ef39f5710a76",
                "sha256:e1ee949c340d771fc39e241ea75683deb94762c8fa5f2927ec57c83c4dffa9fe"
            ],
            "markers": "python_version >= '3.9'",
            "version": "==0.2.1"
        },
        "packaging": {
            "hashes": [
                "sha256:00243ae351a257117b6a241061796684b084ed1c516a08c48a3f7e147a9d80b4",
                "sha256:b36f1fef9334a5588b4166f8bcd26a14e521f2b55e6b9de3aaa80d3ff7a37529"
            ],
            "markers": "python_version >= '3.8'",
            "version": "==26.0"
        },
        "parso": {
            "hashes": [
                "sha256:034d7354a9a018bdce352f48b2a8a450f05e9d6ee85db84764e9b6bd96dafe5a",
                "sha256:646204b5ee239c396d040b90f9e272e9a8017c630092bf59980beb62fd033887"
            ],
            "markers": "python_version >= '3.6'",
            "version": "==0.8.5"
        },
        "pexpect": {
            "hashes": [
                "sha256:7236d1e080e4936be2dc3e326cec0af72acf9212a7e1d060210e70a47e253523",
                "sha256:ee7d41123f3c9911050ea2c2dac107568dc43b2d3b0c7557a33212c398ead30f"
            ],
            "markers": "sys_platform != 'win32' and sys_platform != 'emscripten'",
            "version": "==4.9.0"
        },
        "pluggy": {
            "hashes": [
                "sha256:7dcc130b76258d33b90f61b658791dede3486c3e6bfb003ee5c9bfb396dd22f3",
                "sha256:e920276dd6813095e9377c0bc5566d94c932c33b27a3e3945d8389c374dd4746"
            ],
            "markers": "python_version >= '3.9'",
            "version": "==1.6.0"
        },
        "prompt-toolkit": {
            "hashes": [
                "sha256:28cde192929c8e7321de85de1ddbe736f1375148b02f2e17edd840042b1be855",
                "sha256:9aac639a3bbd33284347de5ad8d68ecc044b91a762dc39b7c21095fcd6a19955"
            ],
            "markers": "python_version >= '3.8'",
            "version": "==3.0.52"
        },
        "ptyprocess": {
            "hashes": [
                "sha256:4b41f3967fce3af57cc7e94b888626c18bf37a083e3651ca8feeb66d492fef35",
                "sha256:5c5d0a3b48ceee0b48485e0c26037c0acd7d29765ca3fbb5cb3831d347423220"
            ],
            "version": "==0.7.0"
        },
        "pure-eval": {
            "hashes": [
                "sha256:1db8e35b67b3d218d818ae653e27f06c3aa420901fa7b081ca98cbedc874e0d0",
                "sha256:5f4e983f40564c576c7c8635ae88db5956bb2229d7e9237d03b3c0b0190eaf42"
            ],
            "version": "==0.2.3"
        },
        "pygments": {
            "hashes": [
                "sha256:636cb2477cec7f8952536970bc533bc43743542f70392ae026374600add5b887",
                "sha256:86540386c03d588bb81d44bc3928634ff26449851e99741617ecb9037ee5ec0b"
            ],
            "markers": "python_version >= '3.8'",
            "version": "==2.19.2"
        },
        "pytest": {
            "hashes": [
                "sha256:711ffd45bf766d5264d487b917733b453d917afd2b0ad65223959f59089f875b",
                "sha256:75186651a92bd89611d1d9fc20f0b4345fd827c41ccd5c299a868a05d70edf11"
            ],
            "index": "pypi",
            "markers": "python_version >= '3.10'",
            "version": "==9.0.2"
        },
        "pytest-cov": {
            "hashes": [
                "sha256:33c97eda2e049a0c5298e91f519302a1334c26ac65c1a483d6206fd458361af1",
                "sha256:3b8e9558b16cc1479da72058bdecf8073661c7f57f7d3c5f22a1c23507f2d861"
            ],
            "index": "pypi",
            "markers": "python_version >= '3.9'",
            "version": "==7.0.0"
        },
        "ruff": {
            "hashes": [
                "sha256:238a717ef803e501b6d51e0bdd0d2c6e8513fe9eec14002445134d3907cd46c3",
                "sha256:5298d518e493061f2eabd4abd067c7e4fb89e2f63291c94332e35631c07c3662",
                "sha256:650bd9c56ae03102c51a5e4b554d74d825ff3abe4db22b90fd32d816c2e90621",
                "sha256:6bdea47cdbea30d40f8f8d7d69c0854ba7c15420ec75a26f463290949d7f7e9a",
                "sha256:6f6e80850a01eb13b3e42ee0ebdf6e4497151b48c35051aab51c101266d187a3",
                "sha256:6f811f97b0f092b35320d1556f3353bf238763420ade5d9e62ebd2b73f2ff179",
                "sha256:761ec0a66680fab6454236635a39abaf14198818c8cdf691e036f4bc0f406b2d",
                "sha256:77e515f6b15f828b94dc17d2b4ace334c9ddb7d9468c54b2f9ed2b9c1593ef16",
                "sha256:940f11c2604d317e797b289f4f9f3fa5555ffe4fb574b55ed006c3d9b6f0eb78",
                "sha256:9a121a96db1d75fa3eb39c4539e607f628920dd72ff1f7c5ee4f1b768ac62d6e",
                "sha256:a6664b7eac559e3048223a2da77769c2f92b43a6dfd4720cef42654299a599c9",
                "sha256:aac4ebaa612a82b23d45964586f24ae9bc23ca101919f5590bdb368d74ad5455",
                "sha256:afb6e603d6375ff0d6b0cee563fa21ab570fd15e65c852cb24922cef25050cf1",
                "sha256:bcbca3d40558789126da91d7ef9a7c87772ee107033db7191edefa34e2c7f1b4",
                "sha256:c480d632cc0ca3f0727acac8b7d053542d9e114a462a145d0b00e7cd658c515a",
                "sha256:d747e3319b2bce179c7c1eaad3d884dc0a199b5f4d5187620530adf9105268ce",
                "sha256:dcd4be7cc75cfbbca24a98d04d0b9b36a270d0833241f776b788d59f4142b14d",
                "sha256:dd5e4d3301dc01de614da3cdffc33d4b1b96fb89e45721f1598e5532ccf78b18"
            ],
            "index": "pypi",
            "markers": "python_version >= '3.7'",
            "version": "==0.15.0"
        },
        "stack-data": {
            "hashes": [
                "sha256:836a778de4fec4dcd1dcd89ed8abff8a221f58308462e1c4aa2a3cf30148f0b9",
                "sha256:d5558e0c25a4cb0853cddad3d77da9891a08cb85dd9f9f91b9f8cd66e511e695"
            ],
            "version": "==0.6.3"
        },
        "traitlets": {
            "hashes": [
                "sha256:9ed0579d3502c94b4b3732ac120375cda96f923114522847de4b3bb98b96b6b7",
                "sha256:b74e89e397b1ed28cc831db7aea759ba6640cb3de13090ca145426688ff1ac4f"
            ],
            "markers": "python_version >= '3.8'",
            "version": "==5.14.3"
        },
        "wcwidth": {
            "hashes": [
                "sha256:53123b7af053c74e9fe2e92ac810301f6139e64379031f7124574212fb3b4091",
                "sha256:d584eff31cd4753e1e5ff6c12e1edfdb324c995713f75d26c29807bb84bf649e"
            ],
            "markers": "python_version >= '3.8'",
            "version": "==0.5.3"
        }
    }
}
